
Microsoft Visual Studio Solution File, Format Version 10.00
# Visual Studio 2008
Project("{FAE04EC0-301F-11D3-BF4B-00C04F79EFBC}") = "ScriptRun", "ScriptRun\ScriptRun.csproj", "{D4BAA50C-91F1-43D8-847F-799CE3E7407A}"
EndProject
Global
	GlobalSection(SolutionConfigurationPlatforms) = preSolution
		Debug|Any CPU = Debug|Any CPU
		Release|Any CPU = Release|Any CPU
	EndGlobalSection
	GlobalSection(ProjectConfigurationPlatforms) = postSolution
		{D4BAA50C-91F1-43D8-847F-799CE3E7407A}.Debug|Any CPU.ActiveCfg = Debug|Any CPU
		{D4BAA50C-91F1-43D8-847F-799CE3E7407A}.Debug|Any CPU.Build.0 = Debug|Any CPU
		{D4BAA50C-91F1-43D8-847F-799CE3E7407A}.Release|Any CPU.ActiveCfg = Release|Any CPU
		{D4BAA50C-91F1-43D8-847F-799CE3E7407A}.Release|Any CPU.Build.0 = Release|Any CPU
	EndGlobalSection
	GlobalSection(SolutionProperties) = preSolution
		HideSolutionNode = FALSE
	EndGlobalSection
EndGlobal
